
Microsoft Visual Studio Solution File, Format Version 12.00
# Visual Studio Version 17
VisualStudioVersion = 17.3.32825.248
MinimumVisualStudioVersion = 10.0.40219.1
Project("{9A19103F-16F7-4668-BE54-9A1E7A4F7556}") = "Expression2Sql", "Expression2Sql\Expression2Sql.csproj", "{234018DF-2F15-4DF6-A59E-82EC02A9EE15}"
EndProject
Project("{9A19103F-16F7-4668-BE54-9A1E7A4F7556}") = "Expression2Sql.UnitTests", "Expression2Sql.UnitTests\Expression2Sql.UnitTests.csproj", "{F05EC903-7B46-4B78-9E40-3CFA2D480C13}"
EndProject
Project("{FAE04EC0-301F-11D3-BF4B-00C04F79EFBC}") = "ExpressionTranslator", "ExpressionTranslator\ExpressionTranslator.csproj", "{2BB70956-7C66-4B5A-BCA8-D5FDE41FB86A}"
EndProject
Project("{FAE04EC0-301F-11D3-BF4B-00C04F79EFBC}") = "ExpressionTranslator.Test", "Expression2Sql.Test\ExpressionTranslator.Test.csproj", "{CDC06D9E-77FD-46BA-B6DC-9D35E5B05FDB}"
EndProject
Global
	GlobalSection(SolutionConfigurationPlatforms) = preSolution
		Debug|Any CPU = Debug|Any CPU
		Release|Any CPU = Release|Any CPU
	EndGlobalSection
	GlobalSection(ProjectConfigurationPlatforms) = postSolution
		{234018DF-2F15-4DF6-A59E-82EC02A9EE15}.Debug|Any CPU.ActiveCfg = Debug|Any CPU
		{234018DF-2F15-4DF6-A59E-82EC02A9EE15}.Debug|Any CPU.Build.0 = Debug|Any CPU
		{234018DF-2F15-4DF6-A59E-82EC02A9EE15}.Release|Any CPU.ActiveCfg = Release|Any CPU
		{234018DF-2F15-4DF6-A59E-82EC02A9EE15}.Release|Any CPU.Build.0 = Release|Any CPU
		{F05EC903-7B46-4B78-9E40-3CFA2D480C13}.Debug|Any CPU.ActiveCfg = Debug|Any CPU
		{F05EC903-7B46-4B78-9E40-3CFA2D480C13}.Debug|Any CPU.Build.0 = Debug|Any CPU
		{F05EC903-7B46-4B78-9E40-3CFA2D480C13}.Release|Any CPU.ActiveCfg = Release|Any CPU
		{F05EC903-7B46-4B78-9E40-3CFA2D480C13}.Release|Any CPU.Build.0 = Release|Any CPU
		{2BB70956-7C66-4B5A-BCA8-D5FDE41FB86A}.Debug|Any CPU.ActiveCfg = Debug|Any CPU
		{2BB70956-7C66-4B5A-BCA8-D5FDE41FB86A}.Debug|Any CPU.Build.0 = Debug|Any CPU
		{2BB70956-7C66-4B5A-BCA8-D5FDE41FB86A}.Release|Any CPU.ActiveCfg = Release|Any CPU
		{2BB70956-7C66-4B5A-BCA8-D5FDE41FB86A}.Release|Any CPU.Build.0 = Release|Any CPU
		{CDC06D9E-77FD-46BA-B6DC-9D35E5B05FDB}.Debug|Any CPU.ActiveCfg = Debug|Any CPU
		{CDC06D9E-77FD-46BA-B6DC-9D35E5B05FDB}.Debug|Any CPU.Build.0 = Debug|Any CPU
		{CDC06D9E-77FD-46BA-B6DC-9D35E5B05FDB}.Release|Any CPU.ActiveCfg = Release|Any CPU
		{CDC06D9E-77FD-46BA-B6DC-9D35E5B05FDB}.Release|Any CPU.Build.0 = Release|Any CPU
	EndGlobalSection
	GlobalSection(SolutionProperties) = preSolution
		HideSolutionNode = FALSE
	EndGlobalSection
	GlobalSection(ExtensibilityGlobals) = postSolution
		SolutionGuid = {CC9C85A2-A1DC-4489-BD1C-2FD722FD86C7}
	EndGlobalSection
EndGlobal
